{
  "originHash" : "79b72a4f9117b4d54b5b4a04f2cba4718de2e62ebe761b788f25c95be1596931",
  "pins" : [
    {
      "identity" : "iperf-swift",
      "kind" : "remoteSourceControl",
      "location" : "https://github.com/igorskh/iperf-swift",
      "state" : {
        "branch" : "main",
        "revision" : "58ec13d17ff2743b66032dd528cdb50927df8634"
      }
    }
  ],
  "version" : 3
}
